
Microsoft Visual Studio Solution File, Format Version 12.00
# Visual Studio Version 16
VisualStudioVersion = 16.0.29306.81
MinimumVisualStudioVersion = 10.0.40219.1
Project("{FAE04EC0-301F-11D3-BF4B-00C04F79EFBC}") = "RestaurantRater.mvc", "RestaurantRater.mvc\RestaurantRater.mvc.csproj", "{D9B1B323-2384-41E1-BF35-6C2299B7E816}"
EndProject
Global
	GlobalSection(SolutionConfigurationPlatforms) = preSolution
		Debug|Any CPU = Debug|Any CPU
		Release|Any CPU = Release|Any CPU
	EndGlobalSection
	GlobalSection(ProjectConfigurationPlatforms) = postSolution
		{D9B1B323-2384-41E1-BF35-6C2299B7E816}.Debug|Any CPU.ActiveCfg = Debug|Any CPU
		{D9B1B323-2384-41E1-BF35-6C2299B7E816}.Debug|Any CPU.Build.0 = Debug|Any CPU
		{D9B1B323-2384-41E1-BF35-6C2299B7E816}.Release|Any CPU.ActiveCfg = Release|Any CPU
		{D9B1B323-2384-41E1-BF35-6C2299B7E816}.Release|Any CPU.Build.0 = Release|Any CPU
	EndGlobalSection
	GlobalSection(SolutionProperties) = preSolution
		HideSolutionNode = FALSE
	EndGlobalSection
	GlobalSection(ExtensibilityGlobals) = postSolution
		SolutionGuid = {F1D8B1A9-5808-445E-921E-920F7BBD86F8}
	EndGlobalSection
EndGlobal
